
Microsoft Visual Studio Solution File, Format Version 11.00
# Visual Studio 2010
Project("{FAE04EC0-301F-11D3-BF4B-00C04F79EFBC}") = "Oculus.Platform", "Oculus.Platform.csproj", "{0928A0B8-EB0C-2F5B-EC01-8E94B4A69666}"
EndProject
Project("{FAE04EC0-301F-11D3-BF4B-00C04F79EFBC}") = "Assembly-CSharp", "Assembly-CSharp.csproj", "{E8856CCA-9B0B-5D6C-59FA-945BFBF152C5}"
EndProject
Project("{FAE04EC0-301F-11D3-BF4B-00C04F79EFBC}") = "Oculus.Spatializer", "Oculus.Spatializer.csproj", "{8C101D3B-8362-AE69-E79A-5583B2ED92F5}"
EndProject
Project("{FAE04EC0-301F-11D3-BF4B-00C04F79EFBC}") = "Oculus.AudioManager", "Oculus.AudioManager.csproj", "{189C3989-5CE2-3AE7-4AB6-41EA6E5495D5}"
EndProject
Project("{FAE04EC0-301F-11D3-BF4B-00C04F79EFBC}") = "Oculus.VR", "Oculus.VR.csproj", "{2770BF04-C159-5ABF-F73A-9B768B5E2872}"
EndProject
Project("{FAE04EC0-301F-11D3-BF4B-00C04F79EFBC}") = "Oculus.Platform.Editor", "Oculus.Platform.Editor.csproj", "{A1940326-6A4E-39E4-BB1D-49B15796D4E0}"
EndProject
Project("{FAE04EC0-301F-11D3-BF4B-00C04F79EFBC}") = "Oculus.AudioManager.Audio.Editor", "Oculus.AudioManager.Audio.Editor.csproj", "{71006FB8-5E9B-39D1-B1F2-B796CE8E2CAB}"
EndProject
Project("{FAE04EC0-301F-11D3-BF4B-00C04F79EFBC}") = "Oculus.Spatializer.Editor", "Oculus.Spatializer.Editor.csproj", "{A6F9D42C-A13E-D298-D9D1-8119C2C8E3EA}"
EndProject
Project("{FAE04EC0-301F-11D3-BF4B-00C04F79EFBC}") = "Oculus.VR.Editor", "Oculus.VR.Editor.csproj", "{3B7716C9-BB9C-CB2F-972B-34DFC39037F4}"
EndProject
Project("{FAE04EC0-301F-11D3-BF4B-00C04F79EFBC}") = "Assembly-CSharp-Editor", "Assembly-CSharp-Editor.csproj", "{302CAD2C-C13B-144C-DD75-4A793A920BDD}"
EndProject
Project("{FAE04EC0-301F-11D3-BF4B-00C04F79EFBC}") = "Oculus.AudioManager.Utils.Editor", "Oculus.AudioManager.Utils.Editor.csproj", "{3647A064-CAE6-2500-E2E0-AF9752542CD3}"
EndProject
Project("{FAE04EC0-301F-11D3-BF4B-00C04F79EFBC}") = "Oculus.VR.Scripts.Editor", "Oculus.VR.Scripts.Editor.csproj", "{307D63C0-797B-5DBA-2753-F0D99E6F8FA3}"
EndProject
Global
	GlobalSection(SolutionConfigurationPlatforms) = preSolution
		Debug|Any CPU = Debug|Any CPU
		Release|Any CPU = Release|Any CPU
	EndGlobalSection
	GlobalSection(ProjectConfigurationPlatforms) = postSolution
		{0928A0B8-EB0C-2F5B-EC01-8E94B4A69666}.Debug|Any CPU.ActiveCfg = Debug|Any CPU
		{0928A0B8-EB0C-2F5B-EC01-8E94B4A69666}.Debug|Any CPU.Build.0 = Debug|Any CPU
		{0928A0B8-EB0C-2F5B-EC01-8E94B4A69666}.Release|Any CPU.ActiveCfg = Release|Any CPU
		{0928A0B8-EB0C-2F5B-EC01-8E94B4A69666}.Release|Any CPU.Build.0 = Release|Any CPU
		{E8856CCA-9B0B-5D6C-59FA-945BFBF152C5}.Debug|Any CPU.ActiveCfg = Debug|Any CPU
		{E8856CCA-9B0B-5D6C-59FA-945BFBF152C5}.Debug|Any CPU.Build.0 = Debug|Any CPU
		{E8856CCA-9B0B-5D6C-59FA-945BFBF152C5}.Release|Any CPU.ActiveCfg = Release|Any CPU
		{E8856CCA-9B0B-5D6C-59FA-945BFBF152C5}.Release|Any CPU.Build.0 = Release|Any CPU
		{8C101D3B-8362-AE69-E79A-5583B2ED92F5}.Debug|Any CPU.ActiveCfg = Debug|Any CPU
		{8C101D3B-8362-AE69-E79A-5583B2ED92F5}.Debug|Any CPU.Build.0 = Debug|Any CPU
		{8C101D3B-8362-AE69-E79A-5583B2ED92F5}.Release|Any CPU.ActiveCfg = Release|Any CPU
		{8C101D3B-8362-AE69-E79A-5583B2ED92F5}.Release|Any CPU.Build.0 = Release|Any CPU
		{189C3989-5CE2-3AE7-4AB6-41EA6E5495D5}.Debug|Any CPU.ActiveCfg = Debug|Any CPU
		{189C3989-5CE2-3AE7-4AB6-41EA6E5495D5}.Debug|Any CPU.Build.0 = Debug|Any CPU
		{189C3989-5CE2-3AE7-4AB6-41EA6E5495D5}.Release|Any CPU.ActiveCfg = Release|Any CPU
		{189C3989-5CE2-3AE7-4AB6-41EA6E5495D5}.Release|Any CPU.Build.0 = Release|Any CPU
		{2770BF04-C159-5ABF-F73A-9B768B5E2872}.Debug|Any CPU.ActiveCfg = Debug|Any CPU
		{2770BF04-C159-5ABF-F73A-9B768B5E2872}.Debug|Any CPU.Build.0 = Debug|Any CPU
		{2770BF04-C159-5ABF-F73A-9B768B5E2872}.Release|Any CPU.ActiveCfg = Release|Any CPU
		{2770BF04-C159-5ABF-F73A-9B768B5E2872}.Release|Any CPU.Build.0 = Release|Any CPU
		{A1940326-6A4E-39E4-BB1D-49B15796D4E0}.Debug|Any CPU.ActiveCfg = Debug|Any CPU
		{A1940326-6A4E-39E4-BB1D-49B15796D4E0}.Debug|Any CPU.Build.0 = Debug|Any CPU
		{A1940326-6A4E-39E4-BB1D-49B15796D4E0}.Release|Any CPU.ActiveCfg = Release|Any CPU
		{A1940326-6A4E-39E4-BB1D-49B15796D4E0}.Release|Any CPU.Build.0 = Release|Any CPU
		{71006FB8-5E9B-39D1-B1F2-B796CE8E2CAB}.Debug|Any CPU.ActiveCfg = Debug|Any CPU
		{71006FB8-5E9B-39D1-B1F2-B796CE8E2CAB}.Debug|Any CPU.Build.0 = Debug|Any CPU
		{71006FB8-5E9B-39D1-B1F2-B796CE8E2CAB}.Release|Any CPU.ActiveCfg = Release|Any CPU
		{71006FB8-5E9B-39D1-B1F2-B796CE8E2CAB}.Release|Any CPU.Build.0 = Release|Any CPU
		{A6F9D42C-A13E-D298-D9D1-8119C2C8E3EA}.Debug|Any CPU.ActiveCfg = Debug|Any CPU
		{A6F9D42C-A13E-D298-D9D1-8119C2C8E3EA}.Debug|Any CPU.Build.0 = Debug|Any CPU
		{A6F9D42C-A13E-D298-D9D1-8119C2C8E3EA}.Release|Any CPU.ActiveCfg = Release|Any CPU
		{A6F9D42C-A13E-D298-D9D1-8119C2C8E3EA}.Release|Any CPU.Build.0 = Release|Any CPU
		{3B7716C9-BB9C-CB2F-972B-34DFC39037F4}.Debug|Any CPU.ActiveCfg = Debug|Any CPU
		{3B7716C9-BB9C-CB2F-972B-34DFC39037F4}.Debug|Any CPU.Build.0 = Debug|Any CPU
		{3B7716C9-BB9C-CB2F-972B-34DFC39037F4}.Release|Any CPU.ActiveCfg = Release|Any CPU
		{3B7716C9-BB9C-CB2F-972B-34DFC39037F4}.Release|Any CPU.Build.0 = Release|Any CPU
		{302CAD2C-C13B-144C-DD75-4A793A920BDD}.Debug|Any CPU.ActiveCfg = Debug|Any CPU
		{302CAD2C-C13B-144C-DD75-4A793A920BDD}.Debug|Any CPU.Build.0 = Debug|Any CPU
		{302CAD2C-C13B-144C-DD75-4A793A920BDD}.Release|Any CPU.ActiveCfg = Release|Any CPU
		{302CAD2C-C13B-144C-DD75-4A793A920BDD}.Release|Any CPU.Build.0 = Release|Any CPU
		{3647A064-CAE6-2500-E2E0-AF9752542CD3}.Debug|Any CPU.ActiveCfg = Debug|Any CPU
		{3647A064-CAE6-2500-E2E0-AF9752542CD3}.Debug|Any CPU.Build.0 = Debug|Any CPU
		{3647A064-CAE6-2500-E2E0-AF9752542CD3}.Release|Any CPU.ActiveCfg = Release|Any CPU
		{3647A064-CAE6-2500-E2E0-AF9752542CD3}.Release|Any CPU.Build.0 = Release|Any CPU
		{307D63C0-797B-5DBA-2753-F0D99E6F8FA3}.Debug|Any CPU.ActiveCfg = Debug|Any CPU
		{307D63C0-797B-5DBA-2753-F0D99E6F8FA3}.Debug|Any CPU.Build.0 = Debug|Any CPU
		{307D63C0-797B-5DBA-2753-F0D99E6F8FA3}.Release|Any CPU.ActiveCfg = Release|Any CPU
		{307D63C0-797B-5DBA-2753-F0D99E6F8FA3}.Release|Any CPU.Build.0 = Release|Any CPU
	EndGlobalSection
	GlobalSection(SolutionProperties) = preSolution
		HideSolutionNode = FALSE
	EndGlobalSection
EndGlobal
