
Microsoft Visual Studio Solution File, Format Version 12.00
# Visual Studio 15
Project("{FAE04EC0-301F-11D3-BF4B-00C04F79EFBC}") = "UnityEngine.UI", "UnityEngine.UI.csproj", "{8B793D31-6B9F-63BA-10D1-51ADD7208D8E}"
EndProject
Project("{FAE04EC0-301F-11D3-BF4B-00C04F79EFBC}") = "Oculus.Platform", "Oculus.Platform.csproj", "{0928A0B8-EB0C-2F5B-EC01-8E94B4A69666}"
EndProject
Project("{FAE04EC0-301F-11D3-BF4B-00C04F79EFBC}") = "Assembly-CSharp", "Assembly-CSharp.csproj", "{E8856CCA-9B0B-5D6C-59FA-945BFBF152C5}"
EndProject
Project("{FAE04EC0-301F-11D3-BF4B-00C04F79EFBC}") = "Oculus.VR", "Oculus.VR.csproj", "{2770BF04-C159-5ABF-F73A-9B768B5E2872}"
EndProject
Project("{FAE04EC0-301F-11D3-BF4B-00C04F79EFBC}") = "Oculus.Platform.Editor", "Oculus.Platform.Editor.csproj", "{A1940326-6A4E-39E4-BB1D-49B15796D4E0}"
EndProject
Project("{FAE04EC0-301F-11D3-BF4B-00C04F79EFBC}") = "UnityEditor.UI", "UnityEditor.UI.csproj", "{FAD37FC9-4C0C-2E53-09FB-EC4426A542E6}"
EndProject
Project("{FAE04EC0-301F-11D3-BF4B-00C04F79EFBC}") = "Assembly-CSharp-Editor", "Assembly-CSharp-Editor.csproj", "{302CAD2C-C13B-144C-DD75-4A793A920BDD}"
EndProject
Project("{FAE04EC0-301F-11D3-BF4B-00C04F79EFBC}") = "Oculus.VR.Editor", "Oculus.VR.Editor.csproj", "{3B7716C9-BB9C-CB2F-972B-34DFC39037F4}"
EndProject
Project("{FAE04EC0-301F-11D3-BF4B-00C04F79EFBC}") = "Oculus.VR.Scripts.Editor", "Oculus.VR.Scripts.Editor.csproj", "{307D63C0-797B-5DBA-2753-F0D99E6F8FA3}"
EndProject
Project("{FAE04EC0-301F-11D3-BF4B-00C04F79EFBC}") = "UnityEngine.UI", "UnityEngine.UI.Player.csproj", "{96BEF8D4-A443-A4E2-754B-5E8B84CA89F3}"
EndProject
Project("{FAE04EC0-301F-11D3-BF4B-00C04F79EFBC}") = "Oculus.Platform", "Oculus.Platform.Player.csproj", "{2B5A2982-CB37-D786-7264-028018488901}"
EndProject
Project("{FAE04EC0-301F-11D3-BF4B-00C04F79EFBC}") = "Assembly-CSharp", "Assembly-CSharp.Player.csproj", "{E19796BA-63C7-7731-CCEB-6A1EAB7C7F34}"
EndProject
Project("{FAE04EC0-301F-11D3-BF4B-00C04F79EFBC}") = "Oculus.VR", "Oculus.VR.Player.csproj", "{2D5DBBFD-599F-F545-9C19-9D458BBAD572}"
EndProject
Global
	GlobalSection(SolutionConfigurationPlatforms) = preSolution
		Debug|Any CPU = Debug|Any CPU
		Release|Any CPU = Release|Any CPU
	EndGlobalSection
	GlobalSection(ProjectConfigurationPlatforms) = postSolution
		{8B793D31-6B9F-63BA-10D1-51ADD7208D8E}.Debug|Any CPU.ActiveCfg = Debug|Any CPU
		{8B793D31-6B9F-63BA-10D1-51ADD7208D8E}.Debug|Any CPU.Build.0 = Debug|Any CPU
		{8B793D31-6B9F-63BA-10D1-51ADD7208D8E}.Release|Any CPU.ActiveCfg = Release|Any CPU
		{8B793D31-6B9F-63BA-10D1-51ADD7208D8E}.Release|Any CPU.Build.0 = Release|Any CPU
		{0928A0B8-EB0C-2F5B-EC01-8E94B4A69666}.Debug|Any CPU.ActiveCfg = Debug|Any CPU
		{0928A0B8-EB0C-2F5B-EC01-8E94B4A69666}.Debug|Any CPU.Build.0 = Debug|Any CPU
		{0928A0B8-EB0C-2F5B-EC01-8E94B4A69666}.Release|Any CPU.ActiveCfg = Release|Any CPU
		{0928A0B8-EB0C-2F5B-EC01-8E94B4A69666}.Release|Any CPU.Build.0 = Release|Any CPU
		{E8856CCA-9B0B-5D6C-59FA-945BFBF152C5}.Debug|Any CPU.ActiveCfg = Debug|Any CPU
		{E8856CCA-9B0B-5D6C-59FA-945BFBF152C5}.Debug|Any CPU.Build.0 = Debug|Any CPU
		{E8856CCA-9B0B-5D6C-59FA-945BFBF152C5}.Release|Any CPU.ActiveCfg = Release|Any CPU
		{E8856CCA-9B0B-5D6C-59FA-945BFBF152C5}.Release|Any CPU.Build.0 = Release|Any CPU
		{2770BF04-C159-5ABF-F73A-9B768B5E2872}.Debug|Any CPU.ActiveCfg = Debug|Any CPU
		{2770BF04-C159-5ABF-F73A-9B768B5E2872}.Debug|Any CPU.Build.0 = Debug|Any CPU
		{2770BF04-C159-5ABF-F73A-9B768B5E2872}.Release|Any CPU.ActiveCfg = Release|Any CPU
		{2770BF04-C159-5ABF-F73A-9B768B5E2872}.Release|Any CPU.Build.0 = Release|Any CPU
		{A1940326-6A4E-39E4-BB1D-49B15796D4E0}.Debug|Any CPU.ActiveCfg = Debug|Any CPU
		{A1940326-6A4E-39E4-BB1D-49B15796D4E0}.Debug|Any CPU.Build.0 = Debug|Any CPU
		{A1940326-6A4E-39E4-BB1D-49B15796D4E0}.Release|Any CPU.ActiveCfg = Release|Any CPU
		{A1940326-6A4E-39E4-BB1D-49B15796D4E0}.Release|Any CPU.Build.0 = Release|Any CPU
		{FAD37FC9-4C0C-2E53-09FB-EC4426A542E6}.Debug|Any CPU.ActiveCfg = Debug|Any CPU
		{FAD37FC9-4C0C-2E53-09FB-EC4426A542E6}.Debug|Any CPU.Build.0 = Debug|Any CPU
		{FAD37FC9-4C0C-2E53-09FB-EC4426A542E6}.Release|Any CPU.ActiveCfg = Release|Any CPU
		{FAD37FC9-4C0C-2E53-09FB-EC4426A542E6}.Release|Any CPU.Build.0 = Release|Any CPU
		{302CAD2C-C13B-144C-DD75-4A793A920BDD}.Debug|Any CPU.ActiveCfg = Debug|Any CPU
		{302CAD2C-C13B-144C-DD75-4A793A920BDD}.Debug|Any CPU.Build.0 = Debug|Any CPU
		{302CAD2C-C13B-144C-DD75-4A793A920BDD}.Release|Any CPU.ActiveCfg = Release|Any CPU
		{302CAD2C-C13B-144C-DD75-4A793A920BDD}.Release|Any CPU.Build.0 = Release|Any CPU
		{3B7716C9-BB9C-CB2F-972B-34DFC39037F4}.Debug|Any CPU.ActiveCfg = Debug|Any CPU
		{3B7716C9-BB9C-CB2F-972B-34DFC39037F4}.Debug|Any CPU.Build.0 = Debug|Any CPU
		{3B7716C9-BB9C-CB2F-972B-34DFC39037F4}.Release|Any CPU.ActiveCfg = Release|Any CPU
		{3B7716C9-BB9C-CB2F-972B-34DFC39037F4}.Release|Any CPU.Build.0 = Release|Any CPU
		{307D63C0-797B-5DBA-2753-F0D99E6F8FA3}.Debug|Any CPU.ActiveCfg = Debug|Any CPU
		{307D63C0-797B-5DBA-2753-F0D99E6F8FA3}.Debug|Any CPU.Build.0 = Debug|Any CPU
		{307D63C0-797B-5DBA-2753-F0D99E6F8FA3}.Release|Any CPU.ActiveCfg = Release|Any CPU
		{307D63C0-797B-5DBA-2753-F0D99E6F8FA3}.Release|Any CPU.Build.0 = Release|Any CPU
		{96BEF8D4-A443-A4E2-754B-5E8B84CA89F3}.Debug|Any CPU.ActiveCfg = Debug|Any CPU
		{96BEF8D4-A443-A4E2-754B-5E8B84CA89F3}.Debug|Any CPU.Build.0 = Debug|Any CPU
		{96BEF8D4-A443-A4E2-754B-5E8B84CA89F3}.Release|Any CPU.ActiveCfg = Release|Any CPU
		{96BEF8D4-A443-A4E2-754B-5E8B84CA89F3}.Release|Any CPU.Build.0 = Release|Any CPU
		{2B5A2982-CB37-D786-7264-028018488901}.Debug|Any CPU.ActiveCfg = Debug|Any CPU
		{2B5A2982-CB37-D786-7264-028018488901}.Debug|Any CPU.Build.0 = Debug|Any CPU
		{2B5A2982-CB37-D786-7264-028018488901}.Release|Any CPU.ActiveCfg = Release|Any CPU
		{2B5A2982-CB37-D786-7264-028018488901}.Release|Any CPU.Build.0 = Release|Any CPU
		{E19796BA-63C7-7731-CCEB-6A1EAB7C7F34}.Debug|Any CPU.ActiveCfg = Debug|Any CPU
		{E19796BA-63C7-7731-CCEB-6A1EAB7C7F34}.Debug|Any CPU.Build.0 = Debug|Any CPU
		{E19796BA-63C7-7731-CCEB-6A1EAB7C7F34}.Release|Any CPU.ActiveCfg = Release|Any CPU
		{E19796BA-63C7-7731-CCEB-6A1EAB7C7F34}.Release|Any CPU.Build.0 = Release|Any CPU
		{2D5DBBFD-599F-F545-9C19-9D458BBAD572}.Debug|Any CPU.ActiveCfg = Debug|Any CPU
		{2D5DBBFD-599F-F545-9C19-9D458BBAD572}.Debug|Any CPU.Build.0 = Debug|Any CPU
		{2D5DBBFD-599F-F545-9C19-9D458BBAD572}.Release|Any CPU.ActiveCfg = Release|Any CPU
		{2D5DBBFD-599F-F545-9C19-9D458BBAD572}.Release|Any CPU.Build.0 = Release|Any CPU
	EndGlobalSection
	GlobalSection(SolutionProperties) = preSolution
		HideSolutionNode = FALSE
	EndGlobalSection
EndGlobal
